{
    "_readme": [
        "This file locks the dependencies of your project to a known state",
        "Read more about it at https://getcomposer.org/doc/01-basic-usage.md#composer-lock-the-lock-file",
        "This file is @generated automatically"
    ],
    "hash": "f1b76f99730e8edada1a4e973beb90b3",
    "content-hash": "3fcdb0b72cdabc1249d3d9542b9e2cd7",
    "packages": [],
    "packages-dev": [],
    "aliases": [],
    "minimum-stability": "stable",
    "stability-flags": {
        "ext-imagick": 5
    },
    "prefer-stable": false,
    "prefer-lowest": false,
    "platform": {
        "ext-imagick": "^3.4@RC"
    },
    "platform-dev": []
}
